
Microsoft Visual Studio Solution File, Format Version 12.00
# Visual Studio Version 17
VisualStudioVersion = 17.14.36717.8
MinimumVisualStudioVersion = 10.0.40219.1
Project("{FAE04EC0-301F-11D3-BF4B-00C04F79EFBC}") = "HCWpfFramework", "HCWpfFramework\HCWpfFramework.csproj", "{A2323FF9-F211-4823-A94A-E109893733FF}"
EndProject
Project("{FAE04EC0-301F-11D3-BF4B-00C04F79EFBC}") = "SampleApp", "SampleApp\SampleApp.csproj", "{7BADA8CB-56E7-9A82-F46F-76EAEB094CA6}"
EndProject
Global
	GlobalSection(SolutionConfigurationPlatforms) = preSolution
		Debug|Any CPU = Debug|Any CPU
		Release|Any CPU = Release|Any CPU
	EndGlobalSection
	GlobalSection(ProjectConfigurationPlatforms) = postSolution
		{A2323FF9-F211-4823-A94A-E109893733FF}.Debug|Any CPU.ActiveCfg = Debug|Any CPU
		{A2323FF9-F211-4823-A94A-E109893733FF}.Debug|Any CPU.Build.0 = Debug|Any CPU
		{A2323FF9-F211-4823-A94A-E109893733FF}.Release|Any CPU.ActiveCfg = Release|Any CPU
		{A2323FF9-F211-4823-A94A-E109893733FF}.Release|Any CPU.Build.0 = Release|Any CPU
		{7BADA8CB-56E7-9A82-F46F-76EAEB094CA6}.Debug|Any CPU.ActiveCfg = Debug|Any CPU
		{7BADA8CB-56E7-9A82-F46F-76EAEB094CA6}.Debug|Any CPU.Build.0 = Debug|Any CPU
		{7BADA8CB-56E7-9A82-F46F-76EAEB094CA6}.Release|Any CPU.ActiveCfg = Release|Any CPU
		{7BADA8CB-56E7-9A82-F46F-76EAEB094CA6}.Release|Any CPU.Build.0 = Release|Any CPU
	EndGlobalSection
	GlobalSection(SolutionProperties) = preSolution
		HideSolutionNode = FALSE
	EndGlobalSection
	GlobalSection(ExtensibilityGlobals) = postSolution
		SolutionGuid = {3548B103-E0D0-42B7-AEB4-184C5154E801}
	EndGlobalSection
EndGlobal
